
Microsoft Visual Studio Solution File, Format Version 12.00
# Visual Studio Version 18
VisualStudioVersion = 18.3.11312.210 d18.3
MinimumVisualStudioVersion = 10.0.40219.1
Project("{FAE04EC0-301F-11D3-BF4B-00C04F79EFBC}") = "AGK.ProjectGen.Domain", "AGK.ProjectGen.Domain\AGK.ProjectGen.Domain.csproj", "{E94DB319-B6C2-4C97-9B96-2D646910BEE3}"
EndProject
Project("{FAE04EC0-301F-11D3-BF4B-00C04F79EFBC}") = "AGK.ProjectGen.Application", "AGK.ProjectGen.Application\AGK.ProjectGen.Application.csproj", "{01A07E76-5881-4A0F-AE30-E5429295A37C}"
EndProject
Project("{FAE04EC0-301F-11D3-BF4B-00C04F79EFBC}") = "AGK.ProjectGen.Infrastructure", "AGK.ProjectGen.Infrastructure\AGK.ProjectGen.Infrastructure.csproj", "{362BC30D-3332-4A5B-8435-EA42E4AC8A42}"
EndProject
Project("{FAE04EC0-301F-11D3-BF4B-00C04F79EFBC}") = "AGK.ProjectGen.UI", "AGK.ProjectGen.UI\AGK.ProjectGen.UI.csproj", "{4ECE7DBB-DB4B-4B82-A0CB-AB7379151FF5}"
EndProject
Project("{FAE04EC0-301F-11D3-BF4B-00C04F79EFBC}") = "AGK.ProjectGen.Tests", "AGK.ProjectGen.Tests\AGK.ProjectGen.Tests.csproj", "{824255C8-B0DD-41D7-BAC5-BF79927DECBB}"
EndProject
Global
	GlobalSection(SolutionConfigurationPlatforms) = preSolution
		Debug|Any CPU = Debug|Any CPU
		Debug|x64 = Debug|x64
		Debug|x86 = Debug|x86
		Release|Any CPU = Release|Any CPU
		Release|x64 = Release|x64
		Release|x86 = Release|x86
	EndGlobalSection
	GlobalSection(ProjectConfigurationPlatforms) = postSolution
		{E94DB319-B6C2-4C97-9B96-2D646910BEE3}.Debug|Any CPU.ActiveCfg = Debug|Any CPU
		{E94DB319-B6C2-4C97-9B96-2D646910BEE3}.Debug|Any CPU.Build.0 = Debug|Any CPU
		{E94DB319-B6C2-4C97-9B96-2D646910BEE3}.Debug|x64.ActiveCfg = Debug|Any CPU
		{E94DB319-B6C2-4C97-9B96-2D646910BEE3}.Debug|x64.Build.0 = Debug|Any CPU
		{E94DB319-B6C2-4C97-9B96-2D646910BEE3}.Debug|x86.ActiveCfg = Debug|Any CPU
		{E94DB319-B6C2-4C97-9B96-2D646910BEE3}.Debug|x86.Build.0 = Debug|Any CPU
		{E94DB319-B6C2-4C97-9B96-2D646910BEE3}.Release|Any CPU.ActiveCfg = Release|Any CPU
		{E94DB319-B6C2-4C97-9B96-2D646910BEE3}.Release|Any CPU.Build.0 = Release|Any CPU
		{E94DB319-B6C2-4C97-9B96-2D646910BEE3}.Release|x64.ActiveCfg = Release|Any CPU
		{E94DB319-B6C2-4C97-9B96-2D646910BEE3}.Release|x64.Build.0 = Release|Any CPU
		{E94DB319-B6C2-4C97-9B96-2D646910BEE3}.Release|x86.ActiveCfg = Release|Any CPU
		{E94DB319-B6C2-4C97-9B96-2D646910BEE3}.Release|x86.Build.0 = Release|Any CPU
		{01A07E76-5881-4A0F-AE30-E5429295A37C}.Debug|Any CPU.ActiveCfg = Debug|Any CPU
		{01A07E76-5881-4A0F-AE30-E5429295A37C}.Debug|Any CPU.Build.0 = Debug|Any CPU
		{01A07E76-5881-4A0F-AE30-E5429295A37C}.Debug|x64.ActiveCfg = Debug|Any CPU
		{01A07E76-5881-4A0F-AE30-E5429295A37C}.Debug|x64.Build.0 = Debug|Any CPU
		{01A07E76-5881-4A0F-AE30-E5429295A37C}.Debug|x86.ActiveCfg = Debug|Any CPU
		{01A07E76-5881-4A0F-AE30-E5429295A37C}.Debug|x86.Build.0 = Debug|Any CPU
		{01A07E76-5881-4A0F-AE30-E5429295A37C}.Release|Any CPU.ActiveCfg = Release|Any CPU
		{01A07E76-5881-4A0F-AE30-E5429295A37C}.Release|Any CPU.Build.0 = Release|Any CPU
		{01A07E76-5881-4A0F-AE30-E5429295A37C}.Release|x64.ActiveCfg = Release|Any CPU
		{01A07E76-5881-4A0F-AE30-E5429295A37C}.Release|x64.Build.0 = Release|Any CPU
		{01A07E76-5881-4A0F-AE30-E5429295A37C}.Release|x86.ActiveCfg = Release|Any CPU
		{01A07E76-5881-4A0F-AE30-E5429295A37C}.Release|x86.Build.0 = Release|Any CPU
		{362BC30D-3332-4A5B-8435-EA42E4AC8A42}.Debug|Any CPU.ActiveCfg = Debug|Any CPU
		{362BC30D-3332-4A5B-8435-EA42E4AC8A42}.Debug|Any CPU.Build.0 = Debug|Any CPU
		{362BC30D-3332-4A5B-8435-EA42E4AC8A42}.Debug|x64.ActiveCfg = Debug|Any CPU
		{362BC30D-3332-4A5B-8435-EA42E4AC8A42}.Debug|x64.Build.0 = Debug|Any CPU
		{362BC30D-3332-4A5B-8435-EA42E4AC8A42}.Debug|x86.ActiveCfg = Debug|Any CPU
		{362BC30D-3332-4A5B-8435-EA42E4AC8A42}.Debug|x86.Build.0 = Debug|Any CPU
		{362BC30D-3332-4A5B-8435-EA42E4AC8A42}.Release|Any CPU.ActiveCfg = Release|Any CPU
		{362BC30D-3332-4A5B-8435-EA42E4AC8A42}.Release|Any CPU.Build.0 = Release|Any CPU
		{362BC30D-3332-4A5B-8435-EA42E4AC8A42}.Release|x64.ActiveCfg = Release|Any CPU
		{362BC30D-3332-4A5B-8435-EA42E4AC8A42}.Release|x64.Build.0 = Release|Any CPU
		{362BC30D-3332-4A5B-8435-EA42E4AC8A42}.Release|x86.ActiveCfg = Release|Any CPU
		{362BC30D-3332-4A5B-8435-EA42E4AC8A42}.Release|x86.Build.0 = Release|Any CPU
		{4ECE7DBB-DB4B-4B82-A0CB-AB7379151FF5}.Debug|Any CPU.ActiveCfg = Debug|Any CPU
		{4ECE7DBB-DB4B-4B82-A0CB-AB7379151FF5}.Debug|Any CPU.Build.0 = Debug|Any CPU
		{4ECE7DBB-DB4B-4B82-A0CB-AB7379151FF5}.Debug|x64.ActiveCfg = Debug|Any CPU
		{4ECE7DBB-DB4B-4B82-A0CB-AB7379151FF5}.Debug|x64.Build.0 = Debug|Any CPU
		{4ECE7DBB-DB4B-4B82-A0CB-AB7379151FF5}.Debug|x86.ActiveCfg = Debug|Any CPU
		{4ECE7DBB-DB4B-4B82-A0CB-AB7379151FF5}.Debug|x86.Build.0 = Debug|Any CPU
		{4ECE7DBB-DB4B-4B82-A0CB-AB7379151FF5}.Release|Any CPU.ActiveCfg = Release|Any CPU
		{4ECE7DBB-DB4B-4B82-A0CB-AB7379151FF5}.Release|Any CPU.Build.0 = Release|Any CPU
		{4ECE7DBB-DB4B-4B82-A0CB-AB7379151FF5}.Release|x64.ActiveCfg = Release|Any CPU
		{4ECE7DBB-DB4B-4B82-A0CB-AB7379151FF5}.Release|x64.Build.0 = Release|Any CPU
		{4ECE7DBB-DB4B-4B82-A0CB-AB7379151FF5}.Release|x86.ActiveCfg = Release|Any CPU
		{4ECE7DBB-DB4B-4B82-A0CB-AB7379151FF5}.Release|x86.Build.0 = Release|Any CPU
		{824255C8-B0DD-41D7-BAC5-BF79927DECBB}.Debug|Any CPU.ActiveCfg = Debug|Any CPU
		{824255C8-B0DD-41D7-BAC5-BF79927DECBB}.Debug|Any CPU.Build.0 = Debug|Any CPU
		{824255C8-B0DD-41D7-BAC5-BF79927DECBB}.Debug|x64.ActiveCfg = Debug|Any CPU
		{824255C8-B0DD-41D7-BAC5-BF79927DECBB}.Debug|x64.Build.0 = Debug|Any CPU
		{824255C8-B0DD-41D7-BAC5-BF79927DECBB}.Debug|x86.ActiveCfg = Debug|Any CPU
		{824255C8-B0DD-41D7-BAC5-BF79927DECBB}.Debug|x86.Build.0 = Debug|Any CPU
		{824255C8-B0DD-41D7-BAC5-BF79927DECBB}.Release|Any CPU.ActiveCfg = Release|Any CPU
		{824255C8-B0DD-41D7-BAC5-BF79927DECBB}.Release|Any CPU.Build.0 = Release|Any CPU
		{824255C8-B0DD-41D7-BAC5-BF79927DECBB}.Release|x64.ActiveCfg = Release|Any CPU
		{824255C8-B0DD-41D7-BAC5-BF79927DECBB}.Release|x64.Build.0 = Release|Any CPU
		{824255C8-B0DD-41D7-BAC5-BF79927DECBB}.Release|x86.ActiveCfg = Release|Any CPU
		{824255C8-B0DD-41D7-BAC5-BF79927DECBB}.Release|x86.Build.0 = Release|Any CPU
	EndGlobalSection
	GlobalSection(SolutionProperties) = preSolution
		HideSolutionNode = FALSE
	EndGlobalSection
EndGlobal
